
Microsoft Visual Studio Solution File, Format Version 12.00
# Visual Studio Version 17
VisualStudioVersion = 17.1.32210.238
MinimumVisualStudioVersion = 10.0.40219.1
Project("{8BC9CEB8-8B4A-11D0-8D11-00A0C91BC942}") = "KmdfHelloWordl", "KmdfHelloWordl.vcxproj", "{604C1A6B-0CCD-479B-A727-0B0C50921E30}"
EndProject
Global
	GlobalSection(SolutionConfigurationPlatforms) = preSolution
		Debug|ARM = Debug|ARM
		Debug|ARM64 = Debug|ARM64
		Debug|x64 = Debug|x64
		Debug|x86 = Debug|x86
		Release|ARM = Release|ARM
		Release|ARM64 = Release|ARM64
		Release|x64 = Release|x64
		Release|x86 = Release|x86
	EndGlobalSection
	GlobalSection(ProjectConfigurationPlatforms) = postSolution
		{604C1A6B-0CCD-479B-A727-0B0C50921E30}.Debug|ARM.ActiveCfg = Debug|ARM
		{604C1A6B-0CCD-479B-A727-0B0C50921E30}.Debug|ARM.Build.0 = Debug|ARM
		{604C1A6B-0CCD-479B-A727-0B0C50921E30}.Debug|ARM.Deploy.0 = Debug|ARM
		{604C1A6B-0CCD-479B-A727-0B0C50921E30}.Debug|ARM64.ActiveCfg = Debug|ARM64
		{604C1A6B-0CCD-479B-A727-0B0C50921E30}.Debug|ARM64.Build.0 = Debug|ARM64
		{604C1A6B-0CCD-479B-A727-0B0C50921E30}.Debug|ARM64.Deploy.0 = Debug|ARM64
		{604C1A6B-0CCD-479B-A727-0B0C50921E30}.Debug|x64.ActiveCfg = Debug|x64
		{604C1A6B-0CCD-479B-A727-0B0C50921E30}.Debug|x64.Build.0 = Debug|x64
		{604C1A6B-0CCD-479B-A727-0B0C50921E30}.Debug|x64.Deploy.0 = Debug|x64
		{604C1A6B-0CCD-479B-A727-0B0C50921E30}.Debug|x86.ActiveCfg = Debug|Win32
		{604C1A6B-0CCD-479B-A727-0B0C50921E30}.Debug|x86.Build.0 = Debug|Win32
		{604C1A6B-0CCD-479B-A727-0B0C50921E30}.Debug|x86.Deploy.0 = Debug|Win32
		{604C1A6B-0CCD-479B-A727-0B0C50921E30}.Release|ARM.ActiveCfg = Release|ARM
		{604C1A6B-0CCD-479B-A727-0B0C50921E30}.Release|ARM.Build.0 = Release|ARM
		{604C1A6B-0CCD-479B-A727-0B0C50921E30}.Release|ARM.Deploy.0 = Release|ARM
		{604C1A6B-0CCD-479B-A727-0B0C50921E30}.Release|ARM64.ActiveCfg = Release|ARM64
		{604C1A6B-0CCD-479B-A727-0B0C50921E30}.Release|ARM64.Build.0 = Release|ARM64
		{604C1A6B-0CCD-479B-A727-0B0C50921E30}.Release|ARM64.Deploy.0 = Release|ARM64
		{604C1A6B-0CCD-479B-A727-0B0C50921E30}.Release|x64.ActiveCfg = Release|x64
		{604C1A6B-0CCD-479B-A727-0B0C50921E30}.Release|x64.Build.0 = Release|x64
		{604C1A6B-0CCD-479B-A727-0B0C50921E30}.Release|x64.Deploy.0 = Release|x64
		{604C1A6B-0CCD-479B-A727-0B0C50921E30}.Release|x86.ActiveCfg = Release|Win32
		{604C1A6B-0CCD-479B-A727-0B0C50921E30}.Release|x86.Build.0 = Release|Win32
		{604C1A6B-0CCD-479B-A727-0B0C50921E30}.Release|x86.Deploy.0 = Release|Win32
	EndGlobalSection
	GlobalSection(SolutionProperties) = preSolution
		HideSolutionNode = FALSE
	EndGlobalSection
	GlobalSection(ExtensibilityGlobals) = postSolution
		SolutionGuid = {F1F20A77-859E-40C7-910F-12EB9796DBDE}
	EndGlobalSection
EndGlobal
