
Microsoft Visual Studio Solution File, Format Version 12.00
# Visual Studio Version 16
VisualStudioVersion = 16.0.31613.86
MinimumVisualStudioVersion = 10.0.40219.1
Project("{FAE04EC0-301F-11D3-BF4B-00C04F79EFBC}") = "Precius-service", "Precius-service\Precius-service.csproj", "{C3E276D3-6C14-431F-BC36-029B3B883AEC}"
EndProject
Global
	GlobalSection(SolutionConfigurationPlatforms) = preSolution
		Debug|Any CPU = Debug|Any CPU
		Release|Any CPU = Release|Any CPU
	EndGlobalSection
	GlobalSection(ProjectConfigurationPlatforms) = postSolution
		{C3E276D3-6C14-431F-BC36-029B3B883AEC}.Debug|Any CPU.ActiveCfg = Debug|Any CPU
		{C3E276D3-6C14-431F-BC36-029B3B883AEC}.Debug|Any CPU.Build.0 = Debug|Any CPU
		{C3E276D3-6C14-431F-BC36-029B3B883AEC}.Release|Any CPU.ActiveCfg = Release|Any CPU
		{C3E276D3-6C14-431F-BC36-029B3B883AEC}.Release|Any CPU.Build.0 = Release|Any CPU
	EndGlobalSection
	GlobalSection(SolutionProperties) = preSolution
		HideSolutionNode = FALSE
	EndGlobalSection
	GlobalSection(ExtensibilityGlobals) = postSolution
		SolutionGuid = {52BA07C8-69EE-4E49-AF07-C96C7C11BAE2}
	EndGlobalSection
EndGlobal
