
Microsoft Visual Studio Solution File, Format Version 12.00
# Visual Studio Version 16
VisualStudioVersion = 16.0.32630.194
MinimumVisualStudioVersion = 10.0.40219.1
Project("{FAE04EC0-301F-11D3-BF4B-00C04F79EFBC}") = "connector_dev", "connector_dev.csproj", "{BB5852BC-A843-47C3-A393-34DF10FBEB68}"
EndProject
Global
	GlobalSection(SolutionConfigurationPlatforms) = preSolution
		Debug|Any CPU = Debug|Any CPU
		Release|Any CPU = Release|Any CPU
	EndGlobalSection
	GlobalSection(ProjectConfigurationPlatforms) = postSolution
		{BB5852BC-A843-47C3-A393-34DF10FBEB68}.Debug|Any CPU.ActiveCfg = Debug|Any CPU
		{BB5852BC-A843-47C3-A393-34DF10FBEB68}.Debug|Any CPU.Build.0 = Debug|Any CPU
		{BB5852BC-A843-47C3-A393-34DF10FBEB68}.Release|Any CPU.ActiveCfg = Release|Any CPU
		{BB5852BC-A843-47C3-A393-34DF10FBEB68}.Release|Any CPU.Build.0 = Release|Any CPU
	EndGlobalSection
	GlobalSection(SolutionProperties) = preSolution
		HideSolutionNode = FALSE
	EndGlobalSection
	GlobalSection(ExtensibilityGlobals) = postSolution
		SolutionGuid = {FFE2CFE5-3476-4906-B604-D98ABD7680BE}
	EndGlobalSection
EndGlobal
